
Microsoft Visual Studio Solution File, Format Version 12.00
# Visual Studio Version 17
VisualStudioVersion = 17.9.34607.119
MinimumVisualStudioVersion = 10.0.40219.1
Project("{9A19103F-16F7-4668-BE54-9A1E7A4F7556}") = "Datapac.Api", "Datapac.Api.csproj", "{71EDB03A-E661-4E62-9703-39013C66A215}"
EndProject
Project("{9A19103F-16F7-4668-BE54-9A1E7A4F7556}") = "Datapac.Services", "..\Datapac.Services\Datapac.Services.csproj", "{9BD3E35F-D1FF-4BB2-B0A1-A50A4D8D316F}"
EndProject
Project("{9A19103F-16F7-4668-BE54-9A1E7A4F7556}") = "Datapac.Data", "..\Datapac.Data\Datapac.Data.csproj", "{D2B66F91-0070-41AD-A3D2-340D5B97DA09}"
EndProject
Project("{9A19103F-16F7-4668-BE54-9A1E7A4F7556}") = "Datapac.Database", "..\Datapac.Database\Datapac.Database.csproj", "{18432EA2-1851-47DB-8A37-BF61FCC4EB7E}"
EndProject
Project("{FAE04EC0-301F-11D3-BF4B-00C04F79EFBC}") = "Datapac.Test", "..\Datapac.Test\Datapac.Test.csproj", "{CA1A4F29-7173-4F87-89E5-95FEA21FD688}"
EndProject
Global
	GlobalSection(SolutionConfigurationPlatforms) = preSolution
		Debug|Any CPU = Debug|Any CPU
		Release|Any CPU = Release|Any CPU
	EndGlobalSection
	GlobalSection(ProjectConfigurationPlatforms) = postSolution
		{71EDB03A-E661-4E62-9703-39013C66A215}.Debug|Any CPU.ActiveCfg = Debug|Any CPU
		{71EDB03A-E661-4E62-9703-39013C66A215}.Debug|Any CPU.Build.0 = Debug|Any CPU
		{71EDB03A-E661-4E62-9703-39013C66A215}.Release|Any CPU.ActiveCfg = Release|Any CPU
		{71EDB03A-E661-4E62-9703-39013C66A215}.Release|Any CPU.Build.0 = Release|Any CPU
		{9BD3E35F-D1FF-4BB2-B0A1-A50A4D8D316F}.Debug|Any CPU.ActiveCfg = Debug|Any CPU
		{9BD3E35F-D1FF-4BB2-B0A1-A50A4D8D316F}.Debug|Any CPU.Build.0 = Debug|Any CPU
		{9BD3E35F-D1FF-4BB2-B0A1-A50A4D8D316F}.Release|Any CPU.ActiveCfg = Release|Any CPU
		{9BD3E35F-D1FF-4BB2-B0A1-A50A4D8D316F}.Release|Any CPU.Build.0 = Release|Any CPU
		{D2B66F91-0070-41AD-A3D2-340D5B97DA09}.Debug|Any CPU.ActiveCfg = Debug|Any CPU
		{D2B66F91-0070-41AD-A3D2-340D5B97DA09}.Debug|Any CPU.Build.0 = Debug|Any CPU
		{D2B66F91-0070-41AD-A3D2-340D5B97DA09}.Release|Any CPU.ActiveCfg = Release|Any CPU
		{D2B66F91-0070-41AD-A3D2-340D5B97DA09}.Release|Any CPU.Build.0 = Release|Any CPU
		{18432EA2-1851-47DB-8A37-BF61FCC4EB7E}.Debug|Any CPU.ActiveCfg = Debug|Any CPU
		{18432EA2-1851-47DB-8A37-BF61FCC4EB7E}.Debug|Any CPU.Build.0 = Debug|Any CPU
		{18432EA2-1851-47DB-8A37-BF61FCC4EB7E}.Release|Any CPU.ActiveCfg = Release|Any CPU
		{18432EA2-1851-47DB-8A37-BF61FCC4EB7E}.Release|Any CPU.Build.0 = Release|Any CPU
		{CA1A4F29-7173-4F87-89E5-95FEA21FD688}.Debug|Any CPU.ActiveCfg = Debug|Any CPU
		{CA1A4F29-7173-4F87-89E5-95FEA21FD688}.Debug|Any CPU.Build.0 = Debug|Any CPU
		{CA1A4F29-7173-4F87-89E5-95FEA21FD688}.Release|Any CPU.ActiveCfg = Release|Any CPU
		{CA1A4F29-7173-4F87-89E5-95FEA21FD688}.Release|Any CPU.Build.0 = Release|Any CPU
	EndGlobalSection
	GlobalSection(SolutionProperties) = preSolution
		HideSolutionNode = FALSE
	EndGlobalSection
	GlobalSection(ExtensibilityGlobals) = postSolution
		SolutionGuid = {F0EFDF2E-A585-47E6-B3C4-A317675781F9}
	EndGlobalSection
EndGlobal
